
Microsoft Visual Studio Solution File, Format Version 10.00
# Visual Studio 2008
Project("{E24C65DC-7377-472B-9ABA-BC803B73C61A}") = "Sandbox", "Sandbox\", "{92FC4C67-52F3-42AB-AFF1-C5D30FBF0694}"
	ProjectSection(WebsiteProperties) = preProject
		TargetFramework = "3.5"
		Debug.AspNetCompiler.VirtualPath = "/Sandbox"
		Debug.AspNetCompiler.PhysicalPath = "Sandbox\"
		Debug.AspNetCompiler.TargetPath = "PrecompiledWeb\Sandbox\"
		Debug.AspNetCompiler.Updateable = "true"
		Debug.AspNetCompiler.ForceOverwrite = "true"
		Debug.AspNetCompiler.FixedNames = "false"
		Debug.AspNetCompiler.Debug = "True"
		Release.AspNetCompiler.VirtualPath = "/Sandbox"
		Release.AspNetCompiler.PhysicalPath = "Sandbox\"
		Release.AspNetCompiler.TargetPath = "PrecompiledWeb\Sandbox\"
		Release.AspNetCompiler.Updateable = "true"
		Release.AspNetCompiler.ForceOverwrite = "true"
		Release.AspNetCompiler.FixedNames = "false"
		Release.AspNetCompiler.Debug = "False"
		VWDPort = "4211"
	EndProjectSection
EndProject
Global
	GlobalSection(SolutionConfigurationPlatforms) = preSolution
		Debug|.NET = Debug|.NET
		Debug|Any CPU = Debug|Any CPU
		Debug|Mixed Platforms = Debug|Mixed Platforms
		Release|.NET = Release|.NET
		Release|Any CPU = Release|Any CPU
		Release|Mixed Platforms = Release|Mixed Platforms
	EndGlobalSection
	GlobalSection(ProjectConfigurationPlatforms) = postSolution
		{92FC4C67-52F3-42AB-AFF1-C5D30FBF0694}.Debug|.NET.ActiveCfg = Debug|.NET
		{92FC4C67-52F3-42AB-AFF1-C5D30FBF0694}.Debug|.NET.Build.0 = Debug|.NET
		{92FC4C67-52F3-42AB-AFF1-C5D30FBF0694}.Debug|Any CPU.ActiveCfg = Debug|.NET
		{92FC4C67-52F3-42AB-AFF1-C5D30FBF0694}.Debug|Mixed Platforms.ActiveCfg = Debug|.NET
		{92FC4C67-52F3-42AB-AFF1-C5D30FBF0694}.Debug|Mixed Platforms.Build.0 = Debug|.NET
		{92FC4C67-52F3-42AB-AFF1-C5D30FBF0694}.Release|.NET.ActiveCfg = Debug|.NET
		{92FC4C67-52F3-42AB-AFF1-C5D30FBF0694}.Release|.NET.Build.0 = Debug|.NET
		{92FC4C67-52F3-42AB-AFF1-C5D30FBF0694}.Release|Any CPU.ActiveCfg = Debug|.NET
		{92FC4C67-52F3-42AB-AFF1-C5D30FBF0694}.Release|Mixed Platforms.ActiveCfg = Debug|.NET
		{92FC4C67-52F3-42AB-AFF1-C5D30FBF0694}.Release|Mixed Platforms.Build.0 = Debug|.NET
	EndGlobalSection
	GlobalSection(SolutionProperties) = preSolution
		HideSolutionNode = FALSE
	EndGlobalSection
EndGlobal
